
Microsoft Visual Studio Solution File, Format Version 12.00
# Visual Studio Version 16
VisualStudioVersion = 16.0.28922.388
MinimumVisualStudioVersion = 10.0.40219.1
Project("{9A19103F-16F7-4668-BE54-9A1E7A4F7556}") = "CharacterLib", "CharacterLib.csproj", "{3FDB59C6-C30E-40D1-8C0F-BFA1C8C9B9DF}"
EndProject
Project("{9A19103F-16F7-4668-BE54-9A1E7A4F7556}") = "CharacterLibTests", "..\CharacterLibTests\CharacterLibTests.csproj", "{8E9F9125-6835-4151-990B-EA45025DF4F6}"
EndProject
Global
	GlobalSection(SolutionConfigurationPlatforms) = preSolution
		Debug|Any CPU = Debug|Any CPU
		Release|Any CPU = Release|Any CPU
	EndGlobalSection
	GlobalSection(ProjectConfigurationPlatforms) = postSolution
		{3FDB59C6-C30E-40D1-8C0F-BFA1C8C9B9DF}.Debug|Any CPU.ActiveCfg = Debug|Any CPU
		{3FDB59C6-C30E-40D1-8C0F-BFA1C8C9B9DF}.Debug|Any CPU.Build.0 = Debug|Any CPU
		{3FDB59C6-C30E-40D1-8C0F-BFA1C8C9B9DF}.Release|Any CPU.ActiveCfg = Release|Any CPU
		{3FDB59C6-C30E-40D1-8C0F-BFA1C8C9B9DF}.Release|Any CPU.Build.0 = Release|Any CPU
		{8E9F9125-6835-4151-990B-EA45025DF4F6}.Debug|Any CPU.ActiveCfg = Debug|Any CPU
		{8E9F9125-6835-4151-990B-EA45025DF4F6}.Debug|Any CPU.Build.0 = Debug|Any CPU
		{8E9F9125-6835-4151-990B-EA45025DF4F6}.Release|Any CPU.ActiveCfg = Release|Any CPU
		{8E9F9125-6835-4151-990B-EA45025DF4F6}.Release|Any CPU.Build.0 = Release|Any CPU
	EndGlobalSection
	GlobalSection(SolutionProperties) = preSolution
		HideSolutionNode = FALSE
	EndGlobalSection
	GlobalSection(ExtensibilityGlobals) = postSolution
		SolutionGuid = {AB0D9DF5-6DA0-4542-AEAF-D694D9DBA566}
	EndGlobalSection
EndGlobal
